
Microsoft Visual Studio Solution File, Format Version 12.00
# Visual Studio Version 16
VisualStudioVersion = 16.0.29306.81
MinimumVisualStudioVersion = 10.0.40219.1
Project("{F2A71F9B-5D33-465A-A702-920D77279786}") = "TP2Distribution", "TP2Distribution\TP2Distribution.fsproj", "{960F72D5-4E96-47C9-B160-01A34F23C156}"
EndProject
Global
	GlobalSection(SolutionConfigurationPlatforms) = preSolution
		Debug|Any CPU = Debug|Any CPU
		Release|Any CPU = Release|Any CPU
	EndGlobalSection
	GlobalSection(ProjectConfigurationPlatforms) = postSolution
		{960F72D5-4E96-47C9-B160-01A34F23C156}.Debug|Any CPU.ActiveCfg = Debug|Any CPU
		{960F72D5-4E96-47C9-B160-01A34F23C156}.Debug|Any CPU.Build.0 = Debug|Any CPU
		{960F72D5-4E96-47C9-B160-01A34F23C156}.Release|Any CPU.ActiveCfg = Release|Any CPU
		{960F72D5-4E96-47C9-B160-01A34F23C156}.Release|Any CPU.Build.0 = Release|Any CPU
	EndGlobalSection
	GlobalSection(SolutionProperties) = preSolution
		HideSolutionNode = FALSE
	EndGlobalSection
	GlobalSection(ExtensibilityGlobals) = postSolution
		SolutionGuid = {3C8F03EE-95F3-46E8-AA3A-387C02B59B36}
	EndGlobalSection
EndGlobal
